
Microsoft Visual Studio Solution File, Format Version 12.00
# Visual Studio Version 17
VisualStudioVersion = 17.7.34031.279
MinimumVisualStudioVersion = 10.0.40219.1
Project("{FAE04EC0-301F-11D3-BF4B-00C04F79EFBC}") = "Common", "Common\Common.csproj", "{C28A1406-0F10-4F14-99CE-9D2B2F9DB68A}"
EndProject
Project("{FAE04EC0-301F-11D3-BF4B-00C04F79EFBC}") = "Server", "Server\Server.csproj", "{CDFCDEB7-EADC-41D8-88C8-C52F3B7785B2}"
EndProject
Global
	GlobalSection(SolutionConfigurationPlatforms) = preSolution
		Debug|Any CPU = Debug|Any CPU
		Release|Any CPU = Release|Any CPU
	EndGlobalSection
	GlobalSection(ProjectConfigurationPlatforms) = postSolution
		{C28A1406-0F10-4F14-99CE-9D2B2F9DB68A}.Debug|Any CPU.ActiveCfg = Debug|Any CPU
		{C28A1406-0F10-4F14-99CE-9D2B2F9DB68A}.Debug|Any CPU.Build.0 = Debug|Any CPU
		{C28A1406-0F10-4F14-99CE-9D2B2F9DB68A}.Release|Any CPU.ActiveCfg = Release|Any CPU
		{C28A1406-0F10-4F14-99CE-9D2B2F9DB68A}.Release|Any CPU.Build.0 = Release|Any CPU
		{CDFCDEB7-EADC-41D8-88C8-C52F3B7785B2}.Debug|Any CPU.ActiveCfg = Debug|Any CPU
		{CDFCDEB7-EADC-41D8-88C8-C52F3B7785B2}.Debug|Any CPU.Build.0 = Debug|Any CPU
		{CDFCDEB7-EADC-41D8-88C8-C52F3B7785B2}.Release|Any CPU.ActiveCfg = Release|Any CPU
		{CDFCDEB7-EADC-41D8-88C8-C52F3B7785B2}.Release|Any CPU.Build.0 = Release|Any CPU
	EndGlobalSection
	GlobalSection(SolutionProperties) = preSolution
		HideSolutionNode = FALSE
	EndGlobalSection
	GlobalSection(ExtensibilityGlobals) = postSolution
		SolutionGuid = {4C72740F-EFFD-4CD3-A848-C694BF05A2E7}
	EndGlobalSection
EndGlobal
